<Solution>
  <Folder Name="Core">
    <Project Path="ShopxBase.Domain/ShopxBase.Domain.csproj" />
  </Folder>
  <Folder Name="Application">
    <Project Path="ShopxBase.Application/ShopxBase.Application.csproj" />
  </Folder>
  <Folder Name="Infrastructure">
    <Project Path="ShopxBase.Infrastucture/ShopxBase.Infrastructure.csproj" />
  </Folder>
  <Folder Name="Presentation">
    <Project Path="ShopxBase.Api/ShopxBase.Api.csproj" />
  </Folder>
</Solution>
